
Microsoft Visual Studio Solution File, Format Version 12.00
# Visual Studio 14
VisualStudioVersion = 14.0.25420.1
MinimumVisualStudioVersion = 10.0.40219.1
Project("{8BC9CEB8-8B4A-11D0-8D11-00A0C91BC942}") = "Github", "Github\Github.vcxproj", "{62B738E9-E980-435E-A40E-73F07447B0CF}"
EndProject
Project("{8BC9CEB8-8B4A-11D0-8D11-00A0C91BC942}") = "TheWalkingDead", "TheWalkingDead\TheWalkingDead.vcxproj", "{4EFC2626-BF2E-40E4-AF4A-36620D616A6C}"
EndProject
Project("{8BC9CEB8-8B4A-11D0-8D11-00A0C91BC942}") = "Testing", "Testing\Testing.vcxproj", "{EDC8EC55-48DA-4EB7-9ADE-A8653809D6DA}"
EndProject
Global
	GlobalSection(SolutionConfigurationPlatforms) = preSolution
		Debug|x64 = Debug|x64
		Debug|x86 = Debug|x86
		Release|x64 = Release|x64
		Release|x86 = Release|x86
	EndGlobalSection
	GlobalSection(ProjectConfigurationPlatforms) = postSolution
		{62B738E9-E980-435E-A40E-73F07447B0CF}.Debug|x64.ActiveCfg = Debug|x64
		{62B738E9-E980-435E-A40E-73F07447B0CF}.Debug|x64.Build.0 = Debug|x64
		{62B738E9-E980-435E-A40E-73F07447B0CF}.Debug|x86.ActiveCfg = Debug|Win32
		{62B738E9-E980-435E-A40E-73F07447B0CF}.Debug|x86.Build.0 = Debug|Win32
		{62B738E9-E980-435E-A40E-73F07447B0CF}.Release|x64.ActiveCfg = Release|x64
		{62B738E9-E980-435E-A40E-73F07447B0CF}.Release|x64.Build.0 = Release|x64
		{62B738E9-E980-435E-A40E-73F07447B0CF}.Release|x86.ActiveCfg = Release|Win32
		{62B738E9-E980-435E-A40E-73F07447B0CF}.Release|x86.Build.0 = Release|Win32
		{4EFC2626-BF2E-40E4-AF4A-36620D616A6C}.Debug|x64.ActiveCfg = Debug|x64
		{4EFC2626-BF2E-40E4-AF4A-36620D616A6C}.Debug|x64.Build.0 = Debug|x64
		{4EFC2626-BF2E-40E4-AF4A-36620D616A6C}.Debug|x86.ActiveCfg = Debug|Win32
		{4EFC2626-BF2E-40E4-AF4A-36620D616A6C}.Debug|x86.Build.0 = Debug|Win32
		{4EFC2626-BF2E-40E4-AF4A-36620D616A6C}.Release|x64.ActiveCfg = Release|x64
		{4EFC2626-BF2E-40E4-AF4A-36620D616A6C}.Release|x64.Build.0 = Release|x64
		{4EFC2626-BF2E-40E4-AF4A-36620D616A6C}.Release|x86.ActiveCfg = Release|Win32
		{4EFC2626-BF2E-40E4-AF4A-36620D616A6C}.Release|x86.Build.0 = Release|Win32
		{EDC8EC55-48DA-4EB7-9ADE-A8653809D6DA}.Debug|x64.ActiveCfg = Debug|x64
		{EDC8EC55-48DA-4EB7-9ADE-A8653809D6DA}.Debug|x64.Build.0 = Debug|x64
		{EDC8EC55-48DA-4EB7-9ADE-A8653809D6DA}.Debug|x86.ActiveCfg = Debug|Win32
		{EDC8EC55-48DA-4EB7-9ADE-A8653809D6DA}.Debug|x86.Build.0 = Debug|Win32
		{EDC8EC55-48DA-4EB7-9ADE-A8653809D6DA}.Release|x64.ActiveCfg = Release|x64
		{EDC8EC55-48DA-4EB7-9ADE-A8653809D6DA}.Release|x64.Build.0 = Release|x64
		{EDC8EC55-48DA-4EB7-9ADE-A8653809D6DA}.Release|x86.ActiveCfg = Release|Win32
		{EDC8EC55-48DA-4EB7-9ADE-A8653809D6DA}.Release|x86.Build.0 = Release|Win32
	EndGlobalSection
	GlobalSection(SolutionProperties) = preSolution
		HideSolutionNode = FALSE
	EndGlobalSection
EndGlobal
